// !$*UTF8*$!
{
	archiveVersion = 1;
	classes = {
	};
	objectVersion = 51;
	objects = {

/* Begin PBXBuildFile section */
		5B21258D23106A14000E741B /* Bindable.swift in Sources */ = {isa = PBXBuildFile; fileRef = 5B21258C23106A14000E741B /* Bindable.swift */; };
		5B21259323114652000E741B /* SettingsController.swift in Sources */ = {isa = PBXBuildFile; fileRef = 5B21259223114652000E741B /* SettingsController.swift */; };
		5B2125952311776E000E741B /* SettingsCell.swift in Sources */ = {isa = PBXBuildFile; fileRef = 5B2125942311776E000E741B /* SettingsCell.swift */; };
		5B2125972311D7C3000E741B /* AgeRangeCell.swift in Sources */ = {isa = PBXBuildFile; fileRef = 5B2125962311D7C3000E741B /* AgeRangeCell.swift */; };
		5B21259B2311E464000E741B /* LoginController.swift in Sources */ = {isa = PBXBuildFile; fileRef = 5B2125992311E464000E741B /* LoginController.swift */; };
		5B21259C2311E464000E741B /* LoginViewModel.swift in Sources */ = {isa = PBXBuildFile; fileRef = 5B21259A2311E464000E741B /* LoginViewModel.swift */; };
		5B21259E2311EB24000E741B /* Firebase+Utils.swift in Sources */ = {isa = PBXBuildFile; fileRef = 5B21259D2311EB24000E741B /* Firebase+Utils.swift */; };
		5B2125A123127D00000E741B /* userDetailsController.swift in Sources */ = {isa = PBXBuildFile; fileRef = 5B2125A023127D00000E741B /* userDetailsController.swift */; };
		5B2125A323144529000E741B /* KeepSwipingButton.swift in Sources */ = {isa = PBXBuildFile; fileRef = 5B2125A223144529000E741B /* KeepSwipingButton.swift */; };
		5B2125AC2314455D000E741B /* CustomInputAccessoryView.swift in Sources */ = {isa = PBXBuildFile; fileRef = 5B2125A52314455D000E741B /* CustomInputAccessoryView.swift */; };
		5B2125AD2314455D000E741B /* MatchCell.swift in Sources */ = {isa = PBXBuildFile; fileRef = 5B2125A62314455D000E741B /* MatchCell.swift */; };
		5B2125AE2314455D000E741B /* MatchesNavBar.swift in Sources */ = {isa = PBXBuildFile; fileRef = 5B2125A72314455D000E741B /* MatchesNavBar.swift */; };
		5B2125AF2314455D000E741B /* MessageCell.swift in Sources */ = {isa = PBXBuildFile; fileRef = 5B2125A82314455D000E741B /* MessageCell.swift */; };
		5B2125B02314455D000E741B /* RecentMessageCell.swift in Sources */ = {isa = PBXBuildFile; fileRef = 5B2125A92314455D000E741B /* RecentMessageCell.swift */; };
		5B2125B12314455D000E741B /* MatchesHeader.swift in Sources */ = {isa = PBXBuildFile; fileRef = 5B2125AA2314455D000E741B /* MatchesHeader.swift */; };
		5B2125B22314455D000E741B /* MessagesNavBar.swift in Sources */ = {isa = PBXBuildFile; fileRef = 5B2125AB2314455D000E741B /* MessagesNavBar.swift */; };
		5B2125B623144605000E741B /* SendMessageButton.swift in Sources */ = {isa = PBXBuildFile; fileRef = 5B2125B323144604000E741B /* SendMessageButton.swift */; };
		5B2125B823144605000E741B /* MatchView.swift in Sources */ = {isa = PBXBuildFile; fileRef = 5B2125B523144605000E741B /* MatchView.swift */; };
		5B2125BC231446BB000E741B /* Match.swift in Sources */ = {isa = PBXBuildFile; fileRef = 5B2125B9231446B9000E741B /* Match.swift */; };
		5B2125BD231446BB000E741B /* Message.swift in Sources */ = {isa = PBXBuildFile; fileRef = 5B2125BA231446BA000E741B /* Message.swift */; };
		5B2125BE231446BB000E741B /* RecentMessage.swift in Sources */ = {isa = PBXBuildFile; fileRef = 5B2125BB231446BB000E741B /* RecentMessage.swift */; };
		5B2125C1231447CC000E741B /* PhotoController.swift in Sources */ = {isa = PBXBuildFile; fileRef = 5B2125BF231447CB000E741B /* PhotoController.swift */; };
		5B2125C2231447CC000E741B /* SwipingPhotosController.swift in Sources */ = {isa = PBXBuildFile; fileRef = 5B2125C0231447CC000E741B /* SwipingPhotosController.swift */; };
		5B2125C723144850000E741B /* ChatLogController.swift in Sources */ = {isa = PBXBuildFile; fileRef = 5B2125C423144850000E741B /* ChatLogController.swift */; };
		5B2125C823144850000E741B /* MatchesMessagesController.swift in Sources */ = {isa = PBXBuildFile; fileRef = 5B2125C523144850000E741B /* MatchesMessagesController.swift */; };
		5B2125C923144850000E741B /* MatchesHorizontalController.swift in Sources */ = {isa = PBXBuildFile; fileRef = 5B2125C623144850000E741B /* MatchesHorizontalController.swift */; };
		5B78FB87230EE3E300FC7A31 /* CardViewModel.swift in Sources */ = {isa = PBXBuildFile; fileRef = 5B78FB86230EE3E300FC7A31 /* CardViewModel.swift */; };
		5B78FB89230EF3C800FC7A31 /* Advertiser.swift in Sources */ = {isa = PBXBuildFile; fileRef = 5B78FB88230EF3C800FC7A31 /* Advertiser.swift */; };
		5B78FB8B230FD1C000FC7A31 /* RegistrationController.swift in Sources */ = {isa = PBXBuildFile; fileRef = 5B78FB8A230FD1C000FC7A31 /* RegistrationController.swift */; };
		5B78FB8D230FD80900FC7A31 /* CustomTextField.swift in Sources */ = {isa = PBXBuildFile; fileRef = 5B78FB8C230FD80900FC7A31 /* CustomTextField.swift */; };
		5B78FB8F230FF6E500FC7A31 /* RegistrationViewModel.swift in Sources */ = {isa = PBXBuildFile; fileRef = 5B78FB8E230FF6E500FC7A31 /* RegistrationViewModel.swift */; };
		5B7E92F1231022140067DE01 /* GoogleService-Info.plist in Resources */ = {isa = PBXBuildFile; fileRef = 5B7E92F0231022140067DE01 /* GoogleService-Info.plist */; };
		5BB35691230DCB71001F87E2 /* AppDelegate.swift in Sources */ = {isa = PBXBuildFile; fileRef = 5BB35690230DCB71001F87E2 /* AppDelegate.swift */; };
		5BB35693230DCB71001F87E2 /* HomeController.swift in Sources */ = {isa = PBXBuildFile; fileRef = 5BB35692230DCB71001F87E2 /* HomeController.swift */; };
		5BB35696230DCB71001F87E2 /* Main.storyboard in Resources */ = {isa = PBXBuildFile; fileRef = 5BB35694230DCB71001F87E2 /* Main.storyboard */; };
		5BB35698230DCB72001F87E2 /* Assets.xcassets in Resources */ = {isa = PBXBuildFile; fileRef = 5BB35697230DCB72001F87E2 /* Assets.xcassets */; };
		5BB3569B230DCB72001F87E2 /* LaunchScreen.storyboard in Resources */ = {isa = PBXBuildFile; fileRef = 5BB35699230DCB72001F87E2 /* LaunchScreen.storyboard */; };
		5BEC3FCE230DDF1100ADB4A5 /* Extensions+UIView.swift in Sources */ = {isa = PBXBuildFile; fileRef = 5BEC3FCD230DDF1100ADB4A5 /* Extensions+UIView.swift */; };
		5BEC3FD1230DF9F700ADB4A5 /* HomeBottomControlsStackView.swift in Sources */ = {isa = PBXBuildFile; fileRef = 5BEC3FD0230DF9F700ADB4A5 /* HomeBottomControlsStackView.swift */; };
		5BEC3FD3230E07D600ADB4A5 /* TopNavigationStackView.swift in Sources */ = {isa = PBXBuildFile; fileRef = 5BEC3FD2230E07D600ADB4A5 /* TopNavigationStackView.swift */; };
		5BEC3FD5230E988600ADB4A5 /* CardView.swift in Sources */ = {isa = PBXBuildFile; fileRef = 5BEC3FD4230E988600ADB4A5 /* CardView.swift */; };
		5BEC3FD8230EC5F100ADB4A5 /* User.swift in Sources */ = {isa = PBXBuildFile; fileRef = 5BEC3FD7230EC5F100ADB4A5 /* User.swift */; };
		CA6C4E18DD90AF625F631D6F /* Pods_SwipeMatch.framework in Frameworks */ = {isa = PBXBuildFile; fileRef = 293731D5690335D3AD9DFE8D /* Pods_SwipeMatch.framework */; };
/* End PBXBuildFile section */

/* Begin PBXFileReference section */
		293731D5690335D3AD9DFE8D /* Pods_SwipeMatch.framework */ = {isa = PBXFileReference; explicitFileType = wrapper.framework; includeInIndex = 0; path = Pods_SwipeMatch.framework; sourceTree = BUILT_PRODUCTS_DIR; };
		5B21258C23106A14000E741B /* Bindable.swift */ = {isa = PBXFileReference; lastKnownFileType = sourcecode.swift; path = Bindable.swift; sourceTree = "<group>"; };
		5B21259223114652000E741B /* SettingsController.swift */ = {isa = PBXFileReference; lastKnownFileType = sourcecode.swift; path = SettingsController.swift; sourceTree = "<group>"; };
		5B2125942311776E000E741B /* SettingsCell.swift */ = {isa = PBXFileReference; lastKnownFileType = sourcecode.swift; path = SettingsCell.swift; sourceTree = "<group>"; };
		5B2125962311D7C3000E741B /* AgeRangeCell.swift */ = {isa = PBXFileReference; lastKnownFileType = sourcecode.swift; path = AgeRangeCell.swift; sourceTree = "<group>"; };
		5B2125992311E464000E741B /* LoginController.swift */ = {isa = PBXFileReference; fileEncoding = 4; lastKnownFileType = sourcecode.swift; path = LoginController.swift; sourceTree = "<group>"; };
		5B21259A2311E464000E741B /* LoginViewModel.swift */ = {isa = PBXFileReference; fileEncoding = 4; lastKnownFileType = sourcecode.swift; path = LoginViewModel.swift; sourceTree = "<group>"; };
		5B21259D2311EB24000E741B /* Firebase+Utils.swift */ = {isa = PBXFileReference; fileEncoding = 4; lastKnownFileType = sourcecode.swift; path = "Firebase+Utils.swift"; sourceTree = "<group>"; };
		5B2125A023127D00000E741B /* userDetailsController.swift */ = {isa = PBXFileReference; lastKnownFileType = sourcecode.swift; path = userDetailsController.swift; sourceTree = "<group>"; };
		5B2125A223144529000E741B /* KeepSwipingButton.swift */ = {isa = PBXFileReference; fileEncoding = 4; lastKnownFileType = sourcecode.swift; path = KeepSwipingButton.swift; sourceTree = "<group>"; };
		5B2125A52314455D000E741B /* CustomInputAccessoryView.swift */ = {isa = PBXFileReference; fileEncoding = 4; lastKnownFileType = sourcecode.swift; path = CustomInputAccessoryView.swift; sourceTree = "<group>"; };
		5B2125A62314455D000E741B /* MatchCell.swift */ = {isa = PBXFileReference; fileEncoding = 4; lastKnownFileType = sourcecode.swift; path = MatchCell.swift; sourceTree = "<group>"; };
		5B2125A72314455D000E741B /* MatchesNavBar.swift */ = {isa = PBXFileReference; fileEncoding = 4; lastKnownFileType = sourcecode.swift; path = MatchesNavBar.swift; sourceTree = "<group>"; };
		5B2125A82314455D000E741B /* MessageCell.swift */ = {isa = PBXFileReference; fileEncoding = 4; lastKnownFileType = sourcecode.swift; path = MessageCell.swift; sourceTree = "<group>"; };
		5B2125A92314455D000E741B /* RecentMessageCell.swift */ = {isa = PBXFileReference; fileEncoding = 4; lastKnownFileType = sourcecode.swift; path = RecentMessageCell.swift; sourceTree = "<group>"; };
		5B2125AA2314455D000E741B /* MatchesHeader.swift */ = {isa = PBXFileReference; fileEncoding = 4; lastKnownFileType = sourcecode.swift; path = MatchesHeader.swift; sourceTree = "<group>"; };
		5B2125AB2314455D000E741B /* MessagesNavBar.swift */ = {isa = PBXFileReference; fileEncoding = 4; lastKnownFileType = sourcecode.swift; path = MessagesNavBar.swift; sourceTree = "<group>"; };
		5B2125B323144604000E741B /* SendMessageButton.swift */ = {isa = PBXFileReference; fileEncoding = 4; lastKnownFileType = sourcecode.swift; path = SendMessageButton.swift; sourceTree = "<group>"; };
		5B2125B523144605000E741B /* MatchView.swift */ = {isa = PBXFileReference; fileEncoding = 4; lastKnownFileType = sourcecode.swift; path = MatchView.swift; sourceTree = "<group>"; };
		5B2125B9231446B9000E741B /* Match.swift */ = {isa = PBXFileReference; fileEncoding = 4; lastKnownFileType = sourcecode.swift; path = Match.swift; sourceTree = "<group>"; };
		5B2125BA231446BA000E741B /* Message.swift */ = {isa = PBXFileReference; fileEncoding = 4; lastKnownFileType = sourcecode.swift; path = Message.swift; sourceTree = "<group>"; };
		5B2125BB231446BB000E741B /* RecentMessage.swift */ = {isa = PBXFileReference; fileEncoding = 4; lastKnownFileType = sourcecode.swift; path = RecentMessage.swift; sourceTree = "<group>"; };
		5B2125BF231447CB000E741B /* PhotoController.swift */ = {isa = PBXFileReference; fileEncoding = 4; lastKnownFileType = sourcecode.swift; path = PhotoController.swift; sourceTree = "<group>"; };
		5B2125C0231447CC000E741B /* SwipingPhotosController.swift */ = {isa = PBXFileReference; fileEncoding = 4; lastKnownFileType = sourcecode.swift; path = SwipingPhotosController.swift; sourceTree = "<group>"; };
		5B2125C423144850000E741B /* ChatLogController.swift */ = {isa = PBXFileReference; fileEncoding = 4; lastKnownFileType = sourcecode.swift; path = ChatLogController.swift; sourceTree = "<group>"; };
		5B2125C523144850000E741B /* MatchesMessagesController.swift */ = {isa = PBXFileReference; fileEncoding = 4; lastKnownFileType = sourcecode.swift; path = MatchesMessagesController.swift; sourceTree = "<group>"; };
		5B2125C623144850000E741B /* MatchesHorizontalController.swift */ = {isa = PBXFileReference; fileEncoding = 4; lastKnownFileType = sourcecode.swift; path = MatchesHorizontalController.swift; sourceTree = "<group>"; };
		5B78FB86230EE3E300FC7A31 /* CardViewModel.swift */ = {isa = PBXFileReference; lastKnownFileType = sourcecode.swift; path = CardViewModel.swift; sourceTree = "<group>"; };
		5B78FB88230EF3C800FC7A31 /* Advertiser.swift */ = {isa = PBXFileReference; lastKnownFileType = sourcecode.swift; name = Advertiser.swift; path = SwipeMatch/ViewModels/Advertiser.swift; sourceTree = SOURCE_ROOT; };
		5B78FB8A230FD1C000FC7A31 /* RegistrationController.swift */ = {isa = PBXFileReference; lastKnownFileType = sourcecode.swift; path = RegistrationController.swift; sourceTree = "<group>"; };
		5B78FB8C230FD80900FC7A31 /* CustomTextField.swift */ = {isa = PBXFileReference; lastKnownFileType = sourcecode.swift; path = CustomTextField.swift; sourceTree = "<group>"; };
		5B78FB8E230FF6E500FC7A31 /* RegistrationViewModel.swift */ = {isa = PBXFileReference; lastKnownFileType = sourcecode.swift; path = RegistrationViewModel.swift; sourceTree = "<group>"; };
		5B7E92F0231022140067DE01 /* GoogleService-Info.plist */ = {isa = PBXFileReference; fileEncoding = 4; lastKnownFileType = text.plist.xml; path = "GoogleService-Info.plist"; sourceTree = "<group>"; };
		5BB3568D230DCB71001F87E2 /* SwipeMatch.app */ = {isa = PBXFileReference; explicitFileType = wrapper.application; includeInIndex = 0; path = SwipeMatch.app; sourceTree = BUILT_PRODUCTS_DIR; };
		5BB35690230DCB71001F87E2 /* AppDelegate.swift */ = {isa = PBXFileReference; lastKnownFileType = sourcecode.swift; path = AppDelegate.swift; sourceTree = "<group>"; };
		5BB35692230DCB71001F87E2 /* HomeController.swift */ = {isa = PBXFileReference; lastKnownFileType = sourcecode.swift; path = HomeController.swift; sourceTree = "<group>"; };
		5BB35695230DCB71001F87E2 /* Base */ = {isa = PBXFileReference; lastKnownFileType = file.storyboard; name = Base; path = Base.lproj/Main.storyboard; sourceTree = "<group>"; };
		5BB35697230DCB72001F87E2 /* Assets.xcassets */ = {isa = PBXFileReference; lastKnownFileType = folder.assetcatalog; path = Assets.xcassets; sourceTree = "<group>"; };
		5BB3569A230DCB72001F87E2 /* Base */ = {isa = PBXFileReference; lastKnownFileType = file.storyboard; name = Base; path = Base.lproj/LaunchScreen.storyboard; sourceTree = "<group>"; };
		5BB3569C230DCB72001F87E2 /* Info.plist */ = {isa = PBXFileReference; lastKnownFileType = text.plist.xml; path = Info.plist; sourceTree = "<group>"; };
		5BEC3FCD230DDF1100ADB4A5 /* Extensions+UIView.swift */ = {isa = PBXFileReference; fileEncoding = 4; lastKnownFileType = sourcecode.swift; path = "Extensions+UIView.swift"; sourceTree = "<group>"; };
		5BEC3FD0230DF9F700ADB4A5 /* HomeBottomControlsStackView.swift */ = {isa = PBXFileReference; fileEncoding = 4; lastKnownFileType = sourcecode.swift; path = HomeBottomControlsStackView.swift; sourceTree = "<group>"; };
		5BEC3FD2230E07D600ADB4A5 /* TopNavigationStackView.swift */ = {isa = PBXFileReference; fileEncoding = 4; lastKnownFileType = sourcecode.swift; path = TopNavigationStackView.swift; sourceTree = "<group>"; };
		5BEC3FD4230E988600ADB4A5 /* CardView.swift */ = {isa = PBXFileReference; lastKnownFileType = sourcecode.swift; path = CardView.swift; sourceTree = "<group>"; };
		5BEC3FD7230EC5F100ADB4A5 /* User.swift */ = {isa = PBXFileReference; fileEncoding = 4; lastKnownFileType = sourcecode.swift; name = User.swift; path = SwipeMatch/Models/User.swift; sourceTree = SOURCE_ROOT; };
		74DE848EC81BA9B192331A8D /* Pods-SwipeMatch.release.xcconfig */ = {isa = PBXFileReference; includeInIndex = 1; lastKnownFileType = text.xcconfig; name = "Pods-SwipeMatch.release.xcconfig"; path = "Target Support Files/Pods-SwipeMatch/Pods-SwipeMatch.release.xcconfig"; sourceTree = "<group>"; };
		E5AE49B5039474391306999F /* Pods-SwipeMatch.debug.xcconfig */ = {isa = PBXFileReference; includeInIndex = 1; lastKnownFileType = text.xcconfig; name = "Pods-SwipeMatch.debug.xcconfig"; path = "Target Support Files/Pods-SwipeMatch/Pods-SwipeMatch.debug.xcconfig"; sourceTree = "<group>"; };
/* End PBXFileReference section */

/* Begin PBXFrameworksBuildPhase section */
		5BB3568A230DCB71001F87E2 /* Frameworks */ = {
			isa = PBXFrameworksBuildPhase;
			buildActionMask = 2147483647;
			files = (
				CA6C4E18DD90AF625F631D6F /* Pods_SwipeMatch.framework in Frameworks */,
			);
			runOnlyForDeploymentPostprocessing = 0;
		};
/* End PBXFrameworksBuildPhase section */

/* Begin PBXGroup section */
		102E2BF4BA02B15A1528D89F /* Pods */ = {
			isa = PBXGroup;
			children = (
				E5AE49B5039474391306999F /* Pods-SwipeMatch.debug.xcconfig */,
				74DE848EC81BA9B192331A8D /* Pods-SwipeMatch.release.xcconfig */,
			);
			path = Pods;
			sourceTree = "<group>";
		};
		2AF54D8CE3C63BA61B7D0C4A /* Frameworks */ = {
			isa = PBXGroup;
			children = (
				293731D5690335D3AD9DFE8D /* Pods_SwipeMatch.framework */,
			);
			name = Frameworks;
			sourceTree = "<group>";
		};
		5B2125982311E1E3000E741B /* Login */ = {
			isa = PBXGroup;
			children = (
				5B2125992311E464000E741B /* LoginController.swift */,
				5B21259A2311E464000E741B /* LoginViewModel.swift */,
			);
			path = Login;
			sourceTree = "<group>";
		};
		5B21259F23127CCC000E741B /* User Details */ = {
			isa = PBXGroup;
			children = (
				5B2125BF231447CB000E741B /* PhotoController.swift */,
				5B2125C0231447CC000E741B /* SwipingPhotosController.swift */,
				5B2125A023127D00000E741B /* userDetailsController.swift */,
			);
			path = "User Details";
			sourceTree = "<group>";
		};
		5B2125A42314455D000E741B /* MatchesMessages */ = {
			isa = PBXGroup;
			children = (
				5B2125A52314455D000E741B /* CustomInputAccessoryView.swift */,
				5B2125A62314455D000E741B /* MatchCell.swift */,
				5B2125A72314455D000E741B /* MatchesNavBar.swift */,
				5B2125A82314455D000E741B /* MessageCell.swift */,
				5B2125A92314455D000E741B /* RecentMessageCell.swift */,
				5B2125AA2314455D000E741B /* MatchesHeader.swift */,
				5B2125AB2314455D000E741B /* MessagesNavBar.swift */,
			);
			path = MatchesMessages;
			sourceTree = "<group>";
		};
		5B2125C323144850000E741B /* MatchesMessages */ = {
			isa = PBXGroup;
			children = (
				5B2125C423144850000E741B /* ChatLogController.swift */,
				5B2125C523144850000E741B /* MatchesMessagesController.swift */,
				5B2125C623144850000E741B /* MatchesHorizontalController.swift */,
			);
			path = MatchesMessages;
			sourceTree = "<group>";
		};
		5B78FB84230EDE9000FC7A31 /* Controllers */ = {
			isa = PBXGroup;
			children = (
				5B2125C323144850000E741B /* MatchesMessages */,
				5B21259F23127CCC000E741B /* User Details */,
				5B2125982311E1E3000E741B /* Login */,
				5BB35692230DCB71001F87E2 /* HomeController.swift */,
				5B78FB8A230FD1C000FC7A31 /* RegistrationController.swift */,
				5B78FB8E230FF6E500FC7A31 /* RegistrationViewModel.swift */,
				5B21258C23106A14000E741B /* Bindable.swift */,
				5B21259223114652000E741B /* SettingsController.swift */,
			);
			path = Controllers;
			sourceTree = "<group>";
		};
		5B78FB85230EE3B300FC7A31 /* ViewModels */ = {
			isa = PBXGroup;
			children = (
				5B78FB86230EE3E300FC7A31 /* CardViewModel.swift */,
			);
			path = ViewModels;
			sourceTree = "<group>";
		};
		5BB35684230DCB71001F87E2 = {
			isa = PBXGroup;
			children = (
				5BB3568F230DCB71001F87E2 /* SwipeMatch */,
				5BB3568E230DCB71001F87E2 /* Products */,
				102E2BF4BA02B15A1528D89F /* Pods */,
				2AF54D8CE3C63BA61B7D0C4A /* Frameworks */,
			);
			sourceTree = "<group>";
		};
		5BB3568E230DCB71001F87E2 /* Products */ = {
			isa = PBXGroup;
			children = (
				5BB3568D230DCB71001F87E2 /* SwipeMatch.app */,
			);
			name = Products;
			sourceTree = "<group>";
		};
		5BB3568F230DCB71001F87E2 /* SwipeMatch */ = {
			isa = PBXGroup;
			children = (
				5B78FB85230EE3B300FC7A31 /* ViewModels */,
				5BEC3FD6230EB19800ADB4A5 /* Model */,
				5BEC3FCF230DF9BC00ADB4A5 /* Views */,
				5B78FB84230EDE9000FC7A31 /* Controllers */,
				5BEC3FCA230DDDE200ADB4A5 /* Extensions */,
				5BB35690230DCB71001F87E2 /* AppDelegate.swift */,
				5BB35694230DCB71001F87E2 /* Main.storyboard */,
				5BB35697230DCB72001F87E2 /* Assets.xcassets */,
				5BB35699230DCB72001F87E2 /* LaunchScreen.storyboard */,
				5BB3569C230DCB72001F87E2 /* Info.plist */,
				5B7E92F0231022140067DE01 /* GoogleService-Info.plist */,
			);
			path = SwipeMatch;
			sourceTree = "<group>";
		};
		5BEC3FCA230DDDE200ADB4A5 /* Extensions */ = {
			isa = PBXGroup;
			children = (
				5B21259D2311EB24000E741B /* Firebase+Utils.swift */,
				5BEC3FCD230DDF1100ADB4A5 /* Extensions+UIView.swift */,
			);
			path = Extensions;
			sourceTree = "<group>";
		};
		5BEC3FCF230DF9BC00ADB4A5 /* Views */ = {
			isa = PBXGroup;
			children = (
				5B2125A42314455D000E741B /* MatchesMessages */,
				5B2125A223144529000E741B /* KeepSwipingButton.swift */,
				5BEC3FD2230E07D600ADB4A5 /* TopNavigationStackView.swift */,
				5BEC3FD0230DF9F700ADB4A5 /* HomeBottomControlsStackView.swift */,
				5BEC3FD4230E988600ADB4A5 /* CardView.swift */,
				5B78FB8C230FD80900FC7A31 /* CustomTextField.swift */,
				5B2125942311776E000E741B /* SettingsCell.swift */,
				5B2125962311D7C3000E741B /* AgeRangeCell.swift */,
				5B2125B523144605000E741B /* MatchView.swift */,
				5B2125B323144604000E741B /* SendMessageButton.swift */,
			);
			path = Views;
			sourceTree = "<group>";
		};
		5BEC3FD6230EB19800ADB4A5 /* Model */ = {
			isa = PBXGroup;
			children = (
				5B2125B9231446B9000E741B /* Match.swift */,
				5B2125BA231446BA000E741B /* Message.swift */,
				5B2125BB231446BB000E741B /* RecentMessage.swift */,
				5BEC3FD7230EC5F100ADB4A5 /* User.swift */,
				5B78FB88230EF3C800FC7A31 /* Advertiser.swift */,
			);
			path = Model;
			sourceTree = "<group>";
		};
/* End PBXGroup section */

/* Begin PBXNativeTarget section */
		5BB3568C230DCB71001F87E2 /* SwipeMatch */ = {
			isa = PBXNativeTarget;
			buildConfigurationList = 5BB3569F230DCB72001F87E2 /* Build configuration list for PBXNativeTarget "SwipeMatch" */;
			buildPhases = (
				DAB50EFFB806EA7913B469C6 /* [CP] Check Pods Manifest.lock */,
				5BB35689230DCB71001F87E2 /* Sources */,
				5BB3568A230DCB71001F87E2 /* Frameworks */,
				5BB3568B230DCB71001F87E2 /* Resources */,
				B56D90D5674B0D7A9EA2F0CE /* [CP] Embed Pods Frameworks */,
			);
			buildRules = (
			);
			dependencies = (
			);
			name = SwipeMatch;
			productName = SwipeMatch;
			productReference = 5BB3568D230DCB71001F87E2 /* SwipeMatch.app */;
			productType = "com.apple.product-type.application";
		};
/* End PBXNativeTarget section */

/* Begin PBXProject section */
		5BB35685230DCB71001F87E2 /* Project object */ = {
			isa = PBXProject;
			attributes = {
				LastSwiftUpdateCheck = 1020;
				LastUpgradeCheck = 1020;
				ORGANIZATIONNAME = "Soheil Ghanbari";
				TargetAttributes = {
					5BB3568C230DCB71001F87E2 = {
						CreatedOnToolsVersion = 10.2.1;
					};
				};
			};
			buildConfigurationList = 5BB35688230DCB71001F87E2 /* Build configuration list for PBXProject "SwipeMatch" */;
			compatibilityVersion = "Xcode 9.3";
			developmentRegion = en;
			hasScannedForEncodings = 0;
			knownRegions = (
				en,
				Base,
			);
			mainGroup = 5BB35684230DCB71001F87E2;
			productRefGroup = 5BB3568E230DCB71001F87E2 /* Products */;
			projectDirPath = "";
			projectRoot = "";
			targets = (
				5BB3568C230DCB71001F87E2 /* SwipeMatch */,
			);
		};
/* End PBXProject section */

/* Begin PBXResourcesBuildPhase section */
		5BB3568B230DCB71001F87E2 /* Resources */ = {
			isa = PBXResourcesBuildPhase;
			buildActionMask = 2147483647;
			files = (
				5BB3569B230DCB72001F87E2 /* LaunchScreen.storyboard in Resources */,
				5B7E92F1231022140067DE01 /* GoogleService-Info.plist in Resources */,
				5BB35698230DCB72001F87E2 /* Assets.xcassets in Resources */,
				5BB35696230DCB71001F87E2 /* Main.storyboard in Resources */,
			);
			runOnlyForDeploymentPostprocessing = 0;
		};
/* End PBXResourcesBuildPhase section */

/* Begin PBXShellScriptBuildPhase section */
		B56D90D5674B0D7A9EA2F0CE /* [CP] Embed Pods Frameworks */ = {
			isa = PBXShellScriptBuildPhase;
			buildActionMask = 2147483647;
			files = (
			);
			inputFileListPaths = (
				"${PODS_ROOT}/Target Support Files/Pods-SwipeMatch/Pods-SwipeMatch-frameworks-${CONFIGURATION}-input-files.xcfilelist",
			);
			name = "[CP] Embed Pods Frameworks";
			outputFileListPaths = (
				"${PODS_ROOT}/Target Support Files/Pods-SwipeMatch/Pods-SwipeMatch-frameworks-${CONFIGURATION}-output-files.xcfilelist",
			);
			runOnlyForDeploymentPostprocessing = 0;
			shellPath = /bin/sh;
			shellScript = "\"${PODS_ROOT}/Target Support Files/Pods-SwipeMatch/Pods-SwipeMatch-frameworks.sh\"\n";
			showEnvVarsInLog = 0;
		};
		DAB50EFFB806EA7913B469C6 /* [CP] Check Pods Manifest.lock */ = {
			isa = PBXShellScriptBuildPhase;
			buildActionMask = 2147483647;
			files = (
			);
			inputFileListPaths = (
			);
			inputPaths = (
				"${PODS_PODFILE_DIR_PATH}/Podfile.lock",
				"${PODS_ROOT}/Manifest.lock",
			);
			name = "[CP] Check Pods Manifest.lock";
			outputFileListPaths = (
			);
			outputPaths = (
				"$(DERIVED_FILE_DIR)/Pods-SwipeMatch-checkManifestLockResult.txt",
			);
			runOnlyForDeploymentPostprocessing = 0;
			shellPath = /bin/sh;
			shellScript = "diff \"${PODS_PODFILE_DIR_PATH}/Podfile.lock\" \"${PODS_ROOT}/Manifest.lock\" > /dev/null\nif [ $? != 0 ] ; then\n    # print error to STDERR\n    echo \"error: The sandbox is not in sync with the Podfile.lock. Run 'pod install' or update your CocoaPods installation.\" >&2\n    exit 1\nfi\n# This output is used by Xcode 'outputs' to avoid re-running this script phase.\necho \"SUCCESS\" > \"${SCRIPT_OUTPUT_FILE_0}\"\n";
			showEnvVarsInLog = 0;
		};
/* End PBXShellScriptBuildPhase section */

/* Begin PBXSourcesBuildPhase section */
		5BB35689230DCB71001F87E2 /* Sources */ = {
			isa = PBXSourcesBuildPhase;
			buildActionMask = 2147483647;
			files = (
				5B21258D23106A14000E741B /* Bindable.swift in Sources */,
				5B2125B823144605000E741B /* MatchView.swift in Sources */,
				5B78FB87230EE3E300FC7A31 /* CardViewModel.swift in Sources */,
				5B78FB8F230FF6E500FC7A31 /* RegistrationViewModel.swift in Sources */,
				5B2125AC2314455D000E741B /* CustomInputAccessoryView.swift in Sources */,
				5B78FB8D230FD80900FC7A31 /* CustomTextField.swift in Sources */,
				5B2125BD231446BB000E741B /* Message.swift in Sources */,
				5B2125C723144850000E741B /* ChatLogController.swift in Sources */,
				5B2125B22314455D000E741B /* MessagesNavBar.swift in Sources */,
				5B2125BE231446BB000E741B /* RecentMessage.swift in Sources */,
				5B2125AE2314455D000E741B /* MatchesNavBar.swift in Sources */,
				5B2125C1231447CC000E741B /* PhotoController.swift in Sources */,
				5B2125B02314455D000E741B /* RecentMessageCell.swift in Sources */,
				5BB35693230DCB71001F87E2 /* HomeController.swift in Sources */,
				5B2125A323144529000E741B /* KeepSwipingButton.swift in Sources */,
				5B2125C2231447CC000E741B /* SwipingPhotosController.swift in Sources */,
				5B2125B12314455D000E741B /* MatchesHeader.swift in Sources */,
				5B78FB89230EF3C800FC7A31 /* Advertiser.swift in Sources */,
				5B21259323114652000E741B /* SettingsController.swift in Sources */,
				5B2125972311D7C3000E741B /* AgeRangeCell.swift in Sources */,
				5B2125AF2314455D000E741B /* MessageCell.swift in Sources */,
				5B2125B623144605000E741B /* SendMessageButton.swift in Sources */,
				5B21259C2311E464000E741B /* LoginViewModel.swift in Sources */,
				5B2125BC231446BB000E741B /* Match.swift in Sources */,
				5BEC3FD1230DF9F700ADB4A5 /* HomeBottomControlsStackView.swift in Sources */,
				5B21259E2311EB24000E741B /* Firebase+Utils.swift in Sources */,
				5BB35691230DCB71001F87E2 /* AppDelegate.swift in Sources */,
				5BEC3FCE230DDF1100ADB4A5 /* Extensions+UIView.swift in Sources */,
				5B2125C823144850000E741B /* MatchesMessagesController.swift in Sources */,
				5B2125AD2314455D000E741B /* MatchCell.swift in Sources */,
				5B2125C923144850000E741B /* MatchesHorizontalController.swift in Sources */,
				5B21259B2311E464000E741B /* LoginController.swift in Sources */,
				5BEC3FD5230E988600ADB4A5 /* CardView.swift in Sources */,
				5BEC3FD3230E07D600ADB4A5 /* TopNavigationStackView.swift in Sources */,
				5B78FB8B230FD1C000FC7A31 /* RegistrationController.swift in Sources */,
				5BEC3FD8230EC5F100ADB4A5 /* User.swift in Sources */,
				5B2125952311776E000E741B /* SettingsCell.swift in Sources */,
				5B2125A123127D00000E741B /* userDetailsController.swift in Sources */,
			);
			runOnlyForDeploymentPostprocessing = 0;
		};
/* End PBXSourcesBuildPhase section */

/* Begin PBXVariantGroup section */
		5BB35694230DCB71001F87E2 /* Main.storyboard */ = {
			isa = PBXVariantGroup;
			children = (
				5BB35695230DCB71001F87E2 /* Base */,
			);
			name = Main.storyboard;
			sourceTree = "<group>";
		};
		5BB35699230DCB72001F87E2 /* LaunchScreen.storyboard */ = {
			isa = PBXVariantGroup;
			children = (
				5BB3569A230DCB72001F87E2 /* Base */,
			);
			name = LaunchScreen.storyboard;
			sourceTree = "<group>";
		};
/* End PBXVariantGroup section */

/* Begin XCBuildConfiguration section */
		5BB3569D230DCB72001F87E2 /* Debug */ = {
			isa = XCBuildConfiguration;
			buildSettings = {
				ALWAYS_SEARCH_USER_PATHS = NO;
				CLANG_ANALYZER_NONNULL = YES;
				CLANG_ANALYZER_NUMBER_OBJECT_CONVERSION = YES_AGGRESSIVE;
				CLANG_CXX_LANGUAGE_STANDARD = "gnu++14";
				CLANG_CXX_LIBRARY = "libc++";
				CLANG_ENABLE_MODULES = YES;
				CLANG_ENABLE_OBJC_ARC = YES;
				CLANG_ENABLE_OBJC_WEAK = YES;
				CLANG_WARN_BLOCK_CAPTURE_AUTORELEASING = YES;
				CLANG_WARN_BOOL_CONVERSION = YES;
				CLANG_WARN_COMMA = YES;
				CLANG_WARN_CONSTANT_CONVERSION = YES;
				CLANG_WARN_DEPRECATED_OBJC_IMPLEMENTATIONS = YES;
				CLANG_WARN_DIRECT_OBJC_ISA_USAGE = YES_ERROR;
				CLANG_WARN_DOCUMENTATION_COMMENTS = YES;
				CLANG_WARN_EMPTY_BODY = YES;
				CLANG_WARN_ENUM_CONVERSION = YES;
				CLANG_WARN_INFINITE_RECURSION = YES;
				CLANG_WARN_INT_CONVERSION = YES;
				CLANG_WARN_NON_LITERAL_NULL_CONVERSION = YES;
				CLANG_WARN_OBJC_IMPLICIT_RETAIN_SELF = YES;
				CLANG_WARN_OBJC_LITERAL_CONVERSION = YES;
				CLANG_WARN_OBJC_ROOT_CLASS = YES_ERROR;
				CLANG_WARN_RANGE_LOOP_ANALYSIS = YES;
				CLANG_WARN_STRICT_PROTOTYPES = YES;
				CLANG_WARN_SUSPICIOUS_MOVE = YES;
				CLANG_WARN_UNGUARDED_AVAILABILITY = YES_AGGRESSIVE;
				CLANG_WARN_UNREACHABLE_CODE = YES;
				CLANG_WARN__DUPLICATE_METHOD_MATCH = YES;
				CODE_SIGN_IDENTITY = "iPhone Developer";
				COPY_PHASE_STRIP = NO;
				DEBUG_INFORMATION_FORMAT = dwarf;
				ENABLE_STRICT_OBJC_MSGSEND = YES;
				ENABLE_TESTABILITY = YES;
				GCC_C_LANGUAGE_STANDARD = gnu11;
				GCC_DYNAMIC_NO_PIC = NO;
				GCC_NO_COMMON_BLOCKS = YES;
				GCC_OPTIMIZATION_LEVEL = 0;
				GCC_PREPROCESSOR_DEFINITIONS = (
					"DEBUG=1",
					"$(inherited)",
				);
				GCC_WARN_64_TO_32_BIT_CONVERSION = YES;
				GCC_WARN_ABOUT_RETURN_TYPE = YES_ERROR;
				GCC_WARN_UNDECLARED_SELECTOR = YES;
				GCC_WARN_UNINITIALIZED_AUTOS = YES_AGGRESSIVE;
				GCC_WARN_UNUSED_FUNCTION = YES;
				GCC_WARN_UNUSED_VARIABLE = YES;
				IPHONEOS_DEPLOYMENT_TARGET = 12.2;
				MTL_ENABLE_DEBUG_INFO = INCLUDE_SOURCE;
				MTL_FAST_MATH = YES;
				ONLY_ACTIVE_ARCH = YES;
				SDKROOT = iphoneos;
				SWIFT_ACTIVE_COMPILATION_CONDITIONS = DEBUG;
				SWIFT_OPTIMIZATION_LEVEL = "-Onone";
			};
			name = Debug;
		};
		5BB3569E230DCB72001F87E2 /* Release */ = {
			isa = XCBuildConfiguration;
			buildSettings = {
				ALWAYS_SEARCH_USER_PATHS = NO;
				CLANG_ANALYZER_NONNULL = YES;
				CLANG_ANALYZER_NUMBER_OBJECT_CONVERSION = YES_AGGRESSIVE;
				CLANG_CXX_LANGUAGE_STANDARD = "gnu++14";
				CLANG_CXX_LIBRARY = "libc++";
				CLANG_ENABLE_MODULES = YES;
				CLANG_ENABLE_OBJC_ARC = YES;
				CLANG_ENABLE_OBJC_WEAK = YES;
				CLANG_WARN_BLOCK_CAPTURE_AUTORELEASING = YES;
				CLANG_WARN_BOOL_CONVERSION = YES;
				CLANG_WARN_COMMA = YES;
				CLANG_WARN_CONSTANT_CONVERSION = YES;
				CLANG_WARN_DEPRECATED_OBJC_IMPLEMENTATIONS = YES;
				CLANG_WARN_DIRECT_OBJC_ISA_USAGE = YES_ERROR;
				CLANG_WARN_DOCUMENTATION_COMMENTS = YES;
				CLANG_WARN_EMPTY_BODY = YES;
				CLANG_WARN_ENUM_CONVERSION = YES;
				CLANG_WARN_INFINITE_RECURSION = YES;
				CLANG_WARN_INT_CONVERSION = YES;
				CLANG_WARN_NON_LITERAL_NULL_CONVERSION = YES;
				CLANG_WARN_OBJC_IMPLICIT_RETAIN_SELF = YES;
				CLANG_WARN_OBJC_LITERAL_CONVERSION = YES;
				CLANG_WARN_OBJC_ROOT_CLASS = YES_ERROR;
				CLANG_WARN_RANGE_LOOP_ANALYSIS = YES;
				CLANG_WARN_STRICT_PROTOTYPES = YES;
				CLANG_WARN_SUSPICIOUS_MOVE = YES;
				CLANG_WARN_UNGUARDED_AVAILABILITY = YES_AGGRESSIVE;
				CLANG_WARN_UNREACHABLE_CODE = YES;
				CLANG_WARN__DUPLICATE_METHOD_MATCH = YES;
				CODE_SIGN_IDENTITY = "iPhone Developer";
				COPY_PHASE_STRIP = NO;
				DEBUG_INFORMATION_FORMAT = "dwarf-with-dsym";
				ENABLE_NS_ASSERTIONS = NO;
				ENABLE_STRICT_OBJC_MSGSEND = YES;
				GCC_C_LANGUAGE_STANDARD = gnu11;
				GCC_NO_COMMON_BLOCKS = YES;
				GCC_WARN_64_TO_32_BIT_CONVERSION = YES;
				GCC_WARN_ABOUT_RETURN_TYPE = YES_ERROR;
				GCC_WARN_UNDECLARED_SELECTOR = YES;
				GCC_WARN_UNINITIALIZED_AUTOS = YES_AGGRESSIVE;
				GCC_WARN_UNUSED_FUNCTION = YES;
				GCC_WARN_UNUSED_VARIABLE = YES;
				IPHONEOS_DEPLOYMENT_TARGET = 12.2;
				MTL_ENABLE_DEBUG_INFO = NO;
				MTL_FAST_MATH = YES;
				SDKROOT = iphoneos;
				SWIFT_COMPILATION_MODE = wholemodule;
				SWIFT_OPTIMIZATION_LEVEL = "-O";
				VALIDATE_PRODUCT = YES;
			};
			name = Release;
		};
		5BB356A0230DCB72001F87E2 /* Debug */ = {
			isa = XCBuildConfiguration;
			baseConfigurationReference = E5AE49B5039474391306999F /* Pods-SwipeMatch.debug.xcconfig */;
			buildSettings = {
				ASSETCATALOG_COMPILER_APPICON_NAME = AppIcon;
				CODE_SIGN_STYLE = Automatic;
				INFOPLIST_FILE = SwipeMatch/Info.plist;
				LD_RUNPATH_SEARCH_PATHS = (
					"$(inherited)",
					"@executable_path/Frameworks",
				);
				PRODUCT_BUNDLE_IDENTIFIER = Com.SwipeMatch.SwipeMatch;
				PRODUCT_NAME = "$(TARGET_NAME)";
				SWIFT_VERSION = 5.0;
				TARGETED_DEVICE_FAMILY = "1,2";
			};
			name = Debug;
		};
		5BB356A1230DCB72001F87E2 /* Release */ = {
			isa = XCBuildConfiguration;
			baseConfigurationReference = 74DE848EC81BA9B192331A8D /* Pods-SwipeMatch.release.xcconfig */;
			buildSettings = {
				ASSETCATALOG_COMPILER_APPICON_NAME = AppIcon;
				CODE_SIGN_STYLE = Automatic;
				INFOPLIST_FILE = SwipeMatch/Info.plist;
				LD_RUNPATH_SEARCH_PATHS = (
					"$(inherited)",
					"@executable_path/Frameworks",
				);
				PRODUCT_BUNDLE_IDENTIFIER = Com.SwipeMatch.SwipeMatch;
				PRODUCT_NAME = "$(TARGET_NAME)";
				SWIFT_VERSION = 5.0;
				TARGETED_DEVICE_FAMILY = "1,2";
			};
			name = Release;
		};
/* End XCBuildConfiguration section */

/* Begin XCConfigurationList section */
		5BB35688230DCB71001F87E2 /* Build configuration list for PBXProject "SwipeMatch" */ = {
			isa = XCConfigurationList;
			buildConfigurations = (
				5BB3569D230DCB72001F87E2 /* Debug */,
				5BB3569E230DCB72001F87E2 /* Release */,
			);
			defaultConfigurationIsVisible = 0;
			defaultConfigurationName = Release;
		};
		5BB3569F230DCB72001F87E2 /* Build configuration list for PBXNativeTarget "SwipeMatch" */ = {
			isa = XCConfigurationList;
			buildConfigurations = (
				5BB356A0230DCB72001F87E2 /* Debug */,
				5BB356A1230DCB72001F87E2 /* Release */,
			);
			defaultConfigurationIsVisible = 0;
			defaultConfigurationName = Release;
		};
/* End XCConfigurationList section */
	};
	rootObject = 5BB35685230DCB71001F87E2 /* Project object */;
}
